
Microsoft Visual Studio Solution File, Format Version 12.00
# Visual Studio Version 17
VisualStudioVersion = 17.3.32929.385
MinimumVisualStudioVersion = 10.0.40219.1
Project("{9A19103F-16F7-4668-BE54-9A1E7A4F7556}") = "FUCOS", "FUCOS.csproj", "{CCE70D28-7358-4E67-A00F-AEC59E44F17A}"
EndProject
Project("{2150E333-8FDC-42A3-9474-1A3956D46DE8}") = "Commons", "Commons", "{23A96060-FE0D-499F-B205-1ECA171571D1}"
	ProjectSection(SolutionItems) = preProject
		Common.cs = Common.cs
	EndProjectSection
EndProject
Global
	GlobalSection(SolutionConfigurationPlatforms) = preSolution
		Debug|Any CPU = Debug|Any CPU
		Release|Any CPU = Release|Any CPU
	EndGlobalSection
	GlobalSection(ProjectConfigurationPlatforms) = postSolution
		{CCE70D28-7358-4E67-A00F-AEC59E44F17A}.Debug|Any CPU.ActiveCfg = Debug|Any CPU
		{CCE70D28-7358-4E67-A00F-AEC59E44F17A}.Debug|Any CPU.Build.0 = Debug|Any CPU
		{CCE70D28-7358-4E67-A00F-AEC59E44F17A}.Release|Any CPU.ActiveCfg = Release|Any CPU
		{CCE70D28-7358-4E67-A00F-AEC59E44F17A}.Release|Any CPU.Build.0 = Release|Any CPU
	EndGlobalSection
	GlobalSection(SolutionProperties) = preSolution
		HideSolutionNode = FALSE
	EndGlobalSection
	GlobalSection(ExtensibilityGlobals) = postSolution
		SolutionGuid = {9F5BB481-8105-43D8-9F0F-AF8F58B6D21C}
	EndGlobalSection
EndGlobal
